
Microsoft Visual Studio Solution File, Format Version 12.00
# Visual Studio Version 16
VisualStudioVersion = 16.0.31205.134
MinimumVisualStudioVersion = 10.0.40219.1
Project("{FAE04EC0-301F-11D3-BF4B-00C04F79EFBC}") = "HDN_Makbuz", "HDN_Makbuz\HDN_Makbuz.csproj", "{92A8957D-FF69-49DE-8E4D-9295247F1ADF}"
EndProject
Project("{FAE04EC0-301F-11D3-BF4B-00C04F79EFBC}") = "Neslihan_Kres_Makbuz", "Neslihan_Kres_Makbuz\Neslihan_Kres_Makbuz.csproj", "{A42DCC8A-B145-4906-A1F6-87C3A2B2E3E5}"
EndProject
Global
	GlobalSection(SolutionConfigurationPlatforms) = preSolution
		Debug|x64 = Debug|x64
		Release|x64 = Release|x64
	EndGlobalSection
	GlobalSection(ProjectConfigurationPlatforms) = postSolution
		{92A8957D-FF69-49DE-8E4D-9295247F1ADF}.Debug|x64.ActiveCfg = Debug|Any CPU
		{92A8957D-FF69-49DE-8E4D-9295247F1ADF}.Release|x64.ActiveCfg = Release|Any CPU
		{A42DCC8A-B145-4906-A1F6-87C3A2B2E3E5}.Debug|x64.ActiveCfg = Debug|x64
		{A42DCC8A-B145-4906-A1F6-87C3A2B2E3E5}.Debug|x64.Build.0 = Debug|x64
		{A42DCC8A-B145-4906-A1F6-87C3A2B2E3E5}.Release|x64.ActiveCfg = Release|x64
		{A42DCC8A-B145-4906-A1F6-87C3A2B2E3E5}.Release|x64.Build.0 = Release|x64
	EndGlobalSection
	GlobalSection(SolutionProperties) = preSolution
		HideSolutionNode = FALSE
	EndGlobalSection
	GlobalSection(ExtensibilityGlobals) = postSolution
		SolutionGuid = {A5DE6ADE-0462-49F0-BB2A-6496D1CC338A}
	EndGlobalSection
EndGlobal
